
Microsoft Visual Studio Solution File, Format Version 12.00
# Visual Studio 14
VisualStudioVersion = 14.0.23107.0
MinimumVisualStudioVersion = 10.0.40219.1
Project("{FAE04EC0-301F-11D3-BF4B-00C04F79EFBC}") = "TweetRecommender", "TweetRecommender\TweetRecommender.csproj", "{6BB56C84-11BD-455D-AE27-D1DC2E1B009F}"
EndProject
Project("{FAE04EC0-301F-11D3-BF4B-00C04F79EFBC}") = "Recommenders", "Recommenders\Recommenders.csproj", "{1335772A-3911-43DE-A79F-D7D0EB30CD12}"
EndProject
Global
	GlobalSection(SolutionConfigurationPlatforms) = preSolution
		Debug|Any CPU = Debug|Any CPU
		Debug|x64 = Debug|x64
		Debug|x86 = Debug|x86
		Release|Any CPU = Release|Any CPU
		Release|x64 = Release|x64
		Release|x86 = Release|x86
	EndGlobalSection
	GlobalSection(ProjectConfigurationPlatforms) = postSolution
		{6BB56C84-11BD-455D-AE27-D1DC2E1B009F}.Debug|Any CPU.ActiveCfg = Debug|Any CPU
		{6BB56C84-11BD-455D-AE27-D1DC2E1B009F}.Debug|Any CPU.Build.0 = Debug|Any CPU
		{6BB56C84-11BD-455D-AE27-D1DC2E1B009F}.Debug|x64.ActiveCfg = Debug|x64
		{6BB56C84-11BD-455D-AE27-D1DC2E1B009F}.Debug|x64.Build.0 = Debug|x64
		{6BB56C84-11BD-455D-AE27-D1DC2E1B009F}.Debug|x86.ActiveCfg = Debug|x86
		{6BB56C84-11BD-455D-AE27-D1DC2E1B009F}.Debug|x86.Build.0 = Debug|x86
		{6BB56C84-11BD-455D-AE27-D1DC2E1B009F}.Release|Any CPU.ActiveCfg = Release|Any CPU
		{6BB56C84-11BD-455D-AE27-D1DC2E1B009F}.Release|Any CPU.Build.0 = Release|Any CPU
		{6BB56C84-11BD-455D-AE27-D1DC2E1B009F}.Release|x64.ActiveCfg = Release|x64
		{6BB56C84-11BD-455D-AE27-D1DC2E1B009F}.Release|x64.Build.0 = Release|x64
		{6BB56C84-11BD-455D-AE27-D1DC2E1B009F}.Release|x86.ActiveCfg = Release|x86
		{6BB56C84-11BD-455D-AE27-D1DC2E1B009F}.Release|x86.Build.0 = Release|x86
		{1335772A-3911-43DE-A79F-D7D0EB30CD12}.Debug|Any CPU.ActiveCfg = Debug|Any CPU
		{1335772A-3911-43DE-A79F-D7D0EB30CD12}.Debug|Any CPU.Build.0 = Debug|Any CPU
		{1335772A-3911-43DE-A79F-D7D0EB30CD12}.Debug|x64.ActiveCfg = Debug|x64
		{1335772A-3911-43DE-A79F-D7D0EB30CD12}.Debug|x64.Build.0 = Debug|x64
		{1335772A-3911-43DE-A79F-D7D0EB30CD12}.Debug|x86.ActiveCfg = Debug|x86
		{1335772A-3911-43DE-A79F-D7D0EB30CD12}.Debug|x86.Build.0 = Debug|x86
		{1335772A-3911-43DE-A79F-D7D0EB30CD12}.Release|Any CPU.ActiveCfg = Release|Any CPU
		{1335772A-3911-43DE-A79F-D7D0EB30CD12}.Release|Any CPU.Build.0 = Release|Any CPU
		{1335772A-3911-43DE-A79F-D7D0EB30CD12}.Release|x64.ActiveCfg = Release|x64
		{1335772A-3911-43DE-A79F-D7D0EB30CD12}.Release|x64.Build.0 = Release|x64
		{1335772A-3911-43DE-A79F-D7D0EB30CD12}.Release|x86.ActiveCfg = Release|x86
		{1335772A-3911-43DE-A79F-D7D0EB30CD12}.Release|x86.Build.0 = Release|x86
	EndGlobalSection
	GlobalSection(SolutionProperties) = preSolution
		HideSolutionNode = FALSE
	EndGlobalSection
EndGlobal
